
Microsoft Visual Studio Solution File, Format Version 12.00
# Visual Studio Version 17
VisualStudioVersion = 17.10.34928.147
MinimumVisualStudioVersion = 10.0.40219.1
Project("{9A19103F-16F7-4668-BE54-9A1E7A4F7556}") = "ConsoleApp2", "ConsoleApp2\ConsoleApp2.csproj", "{29829E8A-C8C0-442C-BB2F-681A025E514F}"
EndProject
Global
	GlobalSection(SolutionConfigurationPlatforms) = preSolution
		Debug|Any CPU = Debug|Any CPU
		Release|Any CPU = Release|Any CPU
	EndGlobalSection
	GlobalSection(ProjectConfigurationPlatforms) = postSolution
		{29829E8A-C8C0-442C-BB2F-681A025E514F}.Debug|Any CPU.ActiveCfg = Debug|Any CPU
		{29829E8A-C8C0-442C-BB2F-681A025E514F}.Debug|Any CPU.Build.0 = Debug|Any CPU
		{29829E8A-C8C0-442C-BB2F-681A025E514F}.Release|Any CPU.ActiveCfg = Release|Any CPU
		{29829E8A-C8C0-442C-BB2F-681A025E514F}.Release|Any CPU.Build.0 = Release|Any CPU
	EndGlobalSection
	GlobalSection(SolutionProperties) = preSolution
		HideSolutionNode = FALSE
	EndGlobalSection
	GlobalSection(ExtensibilityGlobals) = postSolution
		SolutionGuid = {576E1F15-CEA7-467E-88B1-E004934556DF}
	EndGlobalSection
EndGlobal
